// !$*UTF8*$!
{
	archiveVersion = 1;
	classes = {
	};
	objectVersion = 56;
	objects = {

/* Begin PBXBuildFile section */
		A097BB4129CD5F0300C1A0FA /* AppDelegate.swift in Sources */ = {isa = PBXBuildFile; fileRef = A097BB4029CD5F0300C1A0FA /* AppDelegate.swift */; };
		A097BB4329CD5F0300C1A0FA /* SceneDelegate.swift in Sources */ = {isa = PBXBuildFile; fileRef = A097BB4229CD5F0300C1A0FA /* SceneDelegate.swift */; };
		A097BB4529CD5F0300C1A0FA /* ViewController.swift in Sources */ = {isa = PBXBuildFile; fileRef = A097BB4429CD5F0300C1A0FA /* ViewController.swift */; };
		A097BB4829CD5F0300C1A0FA /* Main.storyboard in Resources */ = {isa = PBXBuildFile; fileRef = A097BB4629CD5F0300C1A0FA /* Main.storyboard */; };
		A097BB4A29CD5F0400C1A0FA /* Assets.xcassets in Resources */ = {isa = PBXBuildFile; fileRef = A097BB4929CD5F0400C1A0FA /* Assets.xcassets */; };
		A097BB4D29CD5F0400C1A0FA /* LaunchScreen.storyboard in Resources */ = {isa = PBXBuildFile; fileRef = A097BB4B29CD5F0400C1A0FA /* LaunchScreen.storyboard */; };
		A097BB5829CD5F0400C1A0FA /* MetalFiltersTests.swift in Sources */ = {isa = PBXBuildFile; fileRef = A097BB5729CD5F0400C1A0FA /* MetalFiltersTests.swift */; };
		A097BB6229CD5F0400C1A0FA /* MetalFiltersUITests.swift in Sources */ = {isa = PBXBuildFile; fileRef = A097BB6129CD5F0400C1A0FA /* MetalFiltersUITests.swift */; };
		A097BB6429CD5F0400C1A0FA /* MetalFiltersUITestsLaunchTests.swift in Sources */ = {isa = PBXBuildFile; fileRef = A097BB6329CD5F0400C1A0FA /* MetalFiltersUITestsLaunchTests.swift */; };
/* End PBXBuildFile section */

/* Begin PBXContainerItemProxy section */
		A097BB5429CD5F0400C1A0FA /* PBXContainerItemProxy */ = {
			isa = PBXContainerItemProxy;
			containerPortal = A097BB3529CD5F0300C1A0FA /* Project object */;
			proxyType = 1;
			remoteGlobalIDString = A097BB3C29CD5F0300C1A0FA;
			remoteInfo = MetalFilters;
		};
		A097BB5E29CD5F0400C1A0FA /* PBXContainerItemProxy */ = {
			isa = PBXContainerItemProxy;
			containerPortal = A097BB3529CD5F0300C1A0FA /* Project object */;
			proxyType = 1;
			remoteGlobalIDString = A097BB3C29CD5F0300C1A0FA;
			remoteInfo = MetalFilters;
		};
/* End PBXContainerItemProxy section */

/* Begin PBXFileReference section */
		A097BB3D29CD5F0300C1A0FA /* MetalFilters.app */ = {isa = PBXFileReference; explicitFileType = wrapper.application; includeInIndex = 0; path = MetalFilters.app; sourceTree = BUILT_PRODUCTS_DIR; };
		A097BB4029CD5F0300C1A0FA /* AppDelegate.swift */ = {isa = PBXFileReference; lastKnownFileType = sourcecode.swift; path = AppDelegate.swift; sourceTree = "<group>"; };
		A097BB4229CD5F0300C1A0FA /* SceneDelegate.swift */ = {isa = PBXFileReference; lastKnownFileType = sourcecode.swift; path = SceneDelegate.swift; sourceTree = "<group>"; };
		A097BB4429CD5F0300C1A0FA /* ViewController.swift */ = {isa = PBXFileReference; lastKnownFileType = sourcecode.swift; path = ViewController.swift; sourceTree = "<group>"; };
		A097BB4729CD5F0300C1A0FA /* Base */ = {isa = PBXFileReference; lastKnownFileType = file.storyboard; name = Base; path = Base.lproj/Main.storyboard; sourceTree = "<group>"; };
		A097BB4929CD5F0400C1A0FA /* Assets.xcassets */ = {isa = PBXFileReference; lastKnownFileType = folder.assetcatalog; path = Assets.xcassets; sourceTree = "<group>"; };
		A097BB4C29CD5F0400C1A0FA /* Base */ = {isa = PBXFileReference; lastKnownFileType = file.storyboard; name = Base; path = Base.lproj/LaunchScreen.storyboard; sourceTree = "<group>"; };
		A097BB4E29CD5F0400C1A0FA /* Info.plist */ = {isa = PBXFileReference; lastKnownFileType = text.plist.xml; path = Info.plist; sourceTree = "<group>"; };
		A097BB5329CD5F0400C1A0FA /* MetalFiltersTests.xctest */ = {isa = PBXFileReference; explicitFileType = wrapper.cfbundle; includeInIndex = 0; path = MetalFiltersTests.xctest; sourceTree = BUILT_PRODUCTS_DIR; };
		A097BB5729CD5F0400C1A0FA /* MetalFiltersTests.swift */ = {isa = PBXFileReference; lastKnownFileType = sourcecode.swift; path = MetalFiltersTests.swift; sourceTree = "<group>"; };
		A097BB5D29CD5F0400C1A0FA /* MetalFiltersUITests.xctest */ = {isa = PBXFileReference; explicitFileType = wrapper.cfbundle; includeInIndex = 0; path = MetalFiltersUITests.xctest; sourceTree = BUILT_PRODUCTS_DIR; };
		A097BB6129CD5F0400C1A0FA /* MetalFiltersUITests.swift */ = {isa = PBXFileReference; lastKnownFileType = sourcecode.swift; path = MetalFiltersUITests.swift; sourceTree = "<group>"; };
		A097BB6329CD5F0400C1A0FA /* MetalFiltersUITestsLaunchTests.swift */ = {isa = PBXFileReference; lastKnownFileType = sourcecode.swift; path = MetalFiltersUITestsLaunchTests.swift; sourceTree = "<group>"; };
/* End PBXFileReference section */

/* Begin PBXFrameworksBuildPhase section */
		A097BB3A29CD5F0300C1A0FA /* Frameworks */ = {
			isa = PBXFrameworksBuildPhase;
			buildActionMask = 2147483647;
			files = (
			);
			runOnlyForDeploymentPostprocessing = 0;
		};
		A097BB5029CD5F0400C1A0FA /* Frameworks */ = {
			isa = PBXFrameworksBuildPhase;
			buildActionMask = 2147483647;
			files = (
			);
			runOnlyForDeploymentPostprocessing = 0;
		};
		A097BB5A29CD5F0400C1A0FA /* Frameworks */ = {
			isa = PBXFrameworksBuildPhase;
			buildActionMask = 2147483647;
			files = (
			);
			runOnlyForDeploymentPostprocessing = 0;
		};
/* End PBXFrameworksBuildPhase section */

/* Begin PBXGroup section */
		A097BB3429CD5F0300C1A0FA = {
			isa = PBXGroup;
			children = (
				A097BB3F29CD5F0300C1A0FA /* MetalFilters */,
				A097BB5629CD5F0400C1A0FA /* MetalFiltersTests */,
				A097BB6029CD5F0400C1A0FA /* MetalFiltersUITests */,
				A097BB3E29CD5F0300C1A0FA /* Products */,
			);
			sourceTree = "<group>";
		};
		A097BB3E29CD5F0300C1A0FA /* Products */ = {
			isa = PBXGroup;
			children = (
				A097BB3D29CD5F0300C1A0FA /* MetalFilters.app */,
				A097BB5329CD5F0400C1A0FA /* MetalFiltersTests.xctest */,
				A097BB5D29CD5F0400C1A0FA /* MetalFiltersUITests.xctest */,
			);
			name = Products;
			sourceTree = "<group>";
		};
		A097BB3F29CD5F0300C1A0FA /* MetalFilters */ = {
			isa = PBXGroup;
			children = (
				A097BB4029CD5F0300C1A0FA /* AppDelegate.swift */,
				A097BB4229CD5F0300C1A0FA /* SceneDelegate.swift */,
				A097BB4429CD5F0300C1A0FA /* ViewController.swift */,
				A097BB4629CD5F0300C1A0FA /* Main.storyboard */,
				A097BB4929CD5F0400C1A0FA /* Assets.xcassets */,
				A097BB4B29CD5F0400C1A0FA /* LaunchScreen.storyboard */,
				A097BB4E29CD5F0400C1A0FA /* Info.plist */,
			);
			path = MetalFilters;
			sourceTree = "<group>";
		};
		A097BB5629CD5F0400C1A0FA /* MetalFiltersTests */ = {
			isa = PBXGroup;
			children = (
				A097BB5729CD5F0400C1A0FA /* MetalFiltersTests.swift */,
			);
			path = MetalFiltersTests;
			sourceTree = "<group>";
		};
		A097BB6029CD5F0400C1A0FA /* MetalFiltersUITests */ = {
			isa = PBXGroup;
			children = (
				A097BB6129CD5F0400C1A0FA /* MetalFiltersUITests.swift */,
				A097BB6329CD5F0400C1A0FA /* MetalFiltersUITestsLaunchTests.swift */,
			);
			path = MetalFiltersUITests;
			sourceTree = "<group>";
		};
/* End PBXGroup section */

/* Begin PBXNativeTarget section */
		A097BB3C29CD5F0300C1A0FA /* MetalFilters */ = {
			isa = PBXNativeTarget;
			buildConfigurationList = A097BB6729CD5F0400C1A0FA /* Build configuration list for PBXNativeTarget "MetalFilters" */;
			buildPhases = (
				A097BB3929CD5F0300C1A0FA /* Sources */,
				A097BB3A29CD5F0300C1A0FA /* Frameworks */,
				A097BB3B29CD5F0300C1A0FA /* Resources */,
			);
			buildRules = (
			);
			dependencies = (
			);
			name = MetalFilters;
			productName = MetalFilters;
			productReference = A097BB3D29CD5F0300C1A0FA /* MetalFilters.app */;
			productType = "com.apple.product-type.application";
		};
		A097BB5229CD5F0400C1A0FA /* MetalFiltersTests */ = {
			isa = PBXNativeTarget;
			buildConfigurationList = A097BB6A29CD5F0400C1A0FA /* Build configuration list for PBXNativeTarget "MetalFiltersTests" */;
			buildPhases = (
				A097BB4F29CD5F0400C1A0FA /* Sources */,
				A097BB5029CD5F0400C1A0FA /* Frameworks */,
				A097BB5129CD5F0400C1A0FA /* Resources */,
			);
			buildRules = (
			);
			dependencies = (
				A097BB5529CD5F0400C1A0FA /* PBXTargetDependency */,
			);
			name = MetalFiltersTests;
			productName = MetalFiltersTests;
			productReference = A097BB5329CD5F0400C1A0FA /* MetalFiltersTests.xctest */;
			productType = "com.apple.product-type.bundle.unit-test";
		};
		A097BB5C29CD5F0400C1A0FA /* MetalFiltersUITests */ = {
			isa = PBXNativeTarget;
			buildConfigurationList = A097BB6D29CD5F0400C1A0FA /* Build configuration list for PBXNativeTarget "MetalFiltersUITests" */;
			buildPhases = (
				A097BB5929CD5F0400C1A0FA /* Sources */,
				A097BB5A29CD5F0400C1A0FA /* Frameworks */,
				A097BB5B29CD5F0400C1A0FA /* Resources */,
			);
			buildRules = (
			);
			dependencies = (
				A097BB5F29CD5F0400C1A0FA /* PBXTargetDependency */,
			);
			name = MetalFiltersUITests;
			productName = MetalFiltersUITests;
			productReference = A097BB5D29CD5F0400C1A0FA /* MetalFiltersUITests.xctest */;
			productType = "com.apple.product-type.bundle.ui-testing";
		};
/* End PBXNativeTarget section */

/* Begin PBXProject section */
		A097BB3529CD5F0300C1A0FA /* Project object */ = {
			isa = PBXProject;
			attributes = {
				BuildIndependentTargetsInParallel = 1;
				LastSwiftUpdateCheck = 1420;
				LastUpgradeCheck = 1420;
				TargetAttributes = {
					A097BB3C29CD5F0300C1A0FA = {
						CreatedOnToolsVersion = 14.2;
					};
					A097BB5229CD5F0400C1A0FA = {
						CreatedOnToolsVersion = 14.2;
						TestTargetID = A097BB3C29CD5F0300C1A0FA;
					};
					A097BB5C29CD5F0400C1A0FA = {
						CreatedOnToolsVersion = 14.2;
						TestTargetID = A097BB3C29CD5F0300C1A0FA;
					};
				};
			};
			buildConfigurationList = A097BB3829CD5F0300C1A0FA /* Build configuration list for PBXProject "MetalFilters" */;
			compatibilityVersion = "Xcode 14.0";
			developmentRegion = en;
			hasScannedForEncodings = 0;
			knownRegions = (
				en,
				Base,
			);
			mainGroup = A097BB3429CD5F0300C1A0FA;
			productRefGroup = A097BB3E29CD5F0300C1A0FA /* Products */;
			projectDirPath = "";
			projectRoot = "";
			targets = (
				A097BB3C29CD5F0300C1A0FA /* MetalFilters */,
				A097BB5229CD5F0400C1A0FA /* MetalFiltersTests */,
				A097BB5C29CD5F0400C1A0FA /* MetalFiltersUITests */,
			);
		};
/* End PBXProject section */

/* Begin PBXResourcesBuildPhase section */
		A097BB3B29CD5F0300C1A0FA /* Resources */ = {
			isa = PBXResourcesBuildPhase;
			buildActionMask = 2147483647;
			files = (
				A097BB4D29CD5F0400C1A0FA /* LaunchScreen.storyboard in Resources */,
				A097BB4A29CD5F0400C1A0FA /* Assets.xcassets in Resources */,
				A097BB4829CD5F0300C1A0FA /* Main.storyboard in Resources */,
			);
			runOnlyForDeploymentPostprocessing = 0;
		};
		A097BB5129CD5F0400C1A0FA /* Resources */ = {
			isa = PBXResourcesBuildPhase;
			buildActionMask = 2147483647;
			files = (
			);
			runOnlyForDeploymentPostprocessing = 0;
		};
		A097BB5B29CD5F0400C1A0FA /* Resources */ = {
			isa = PBXResourcesBuildPhase;
			buildActionMask = 2147483647;
			files = (
			);
			runOnlyForDeploymentPostprocessing = 0;
		};
/* End PBXResourcesBuildPhase section */

/* Begin PBXSourcesBuildPhase section */
		A097BB3929CD5F0300C1A0FA /* Sources */ = {
			isa = PBXSourcesBuildPhase;
			buildActionMask = 2147483647;
			files = (
				A097BB4529CD5F0300C1A0FA /* ViewController.swift in Sources */,
				A097BB4129CD5F0300C1A0FA /* AppDelegate.swift in Sources */,
				A097BB4329CD5F0300C1A0FA /* SceneDelegate.swift in Sources */,
			);
			runOnlyForDeploymentPostprocessing = 0;
		};
		A097BB4F29CD5F0400C1A0FA /* Sources */ = {
			isa = PBXSourcesBuildPhase;
			buildActionMask = 2147483647;
			files = (
				A097BB5829CD5F0400C1A0FA /* MetalFiltersTests.swift in Sources */,
			);
			runOnlyForDeploymentPostprocessing = 0;
		};
		A097BB5929CD5F0400C1A0FA /* Sources */ = {
			isa = PBXSourcesBuildPhase;
			buildActionMask = 2147483647;
			files = (
				A097BB6429CD5F0400C1A0FA /* MetalFiltersUITestsLaunchTests.swift in Sources */,
				A097BB6229CD5F0400C1A0FA /* MetalFiltersUITests.swift in Sources */,
			);
			runOnlyForDeploymentPostprocessing = 0;
		};
/* End PBXSourcesBuildPhase section */

/* Begin PBXTargetDependency section */
		A097BB5529CD5F0400C1A0FA /* PBXTargetDependency */ = {
			isa = PBXTargetDependency;
			target = A097BB3C29CD5F0300C1A0FA /* MetalFilters */;
			targetProxy = A097BB5429CD5F0400C1A0FA /* PBXContainerItemProxy */;
		};
		A097BB5F29CD5F0400C1A0FA /* PBXTargetDependency */ = {
			isa = PBXTargetDependency;
			target = A097BB3C29CD5F0300C1A0FA /* MetalFilters */;
			targetProxy = A097BB5E29CD5F0400C1A0FA /* PBXContainerItemProxy */;
		};
/* End PBXTargetDependency section */

/* Begin PBXVariantGroup section */
		A097BB4629CD5F0300C1A0FA /* Main.storyboard */ = {
			isa = PBXVariantGroup;
			children = (
				A097BB4729CD5F0300C1A0FA /* Base */,
			);
			name = Main.storyboard;
			sourceTree = "<group>";
		};
		A097BB4B29CD5F0400C1A0FA /* LaunchScreen.storyboard */ = {
			isa = PBXVariantGroup;
			children = (
				A097BB4C29CD5F0400C1A0FA /* Base */,
			);
			name = LaunchScreen.storyboard;
			sourceTree = "<group>";
		};
/* End PBXVariantGroup section */

/* Begin XCBuildConfiguration section */
		A097BB6529CD5F0400C1A0FA /* Debug */ = {
			isa = XCBuildConfiguration;
			buildSettings = {
				ALWAYS_SEARCH_USER_PATHS = NO;
				CLANG_ANALYZER_NONNULL = YES;
				CLANG_ANALYZER_NUMBER_OBJECT_CONVERSION = YES_AGGRESSIVE;
				CLANG_CXX_LANGUAGE_STANDARD = "gnu++20";
				CLANG_ENABLE_MODULES = YES;
				CLANG_ENABLE_OBJC_ARC = YES;
				CLANG_ENABLE_OBJC_WEAK = YES;
				CLANG_WARN_BLOCK_CAPTURE_AUTORELEASING = YES;
				CLANG_WARN_BOOL_CONVERSION = YES;
				CLANG_WARN_COMMA = YES;
				CLANG_WARN_CONSTANT_CONVERSION = YES;
				CLANG_WARN_DEPRECATED_OBJC_IMPLEMENTATIONS = YES;
				CLANG_WARN_DIRECT_OBJC_ISA_USAGE = YES_ERROR;
				CLANG_WARN_DOCUMENTATION_COMMENTS = YES;
				CLANG_WARN_EMPTY_BODY = YES;
				CLANG_WARN_ENUM_CONVERSION = YES;
				CLANG_WARN_INFINITE_RECURSION = YES;
				CLANG_WARN_INT_CONVERSION = YES;
				CLANG_WARN_NON_LITERAL_NULL_CONVERSION = YES;
				CLANG_WARN_OBJC_IMPLICIT_RETAIN_SELF = YES;
				CLANG_WARN_OBJC_LITERAL_CONVERSION = YES;
				CLANG_WARN_OBJC_ROOT_CLASS = YES_ERROR;
				CLANG_WARN_QUOTED_INCLUDE_IN_FRAMEWORK_HEADER = YES;
				CLANG_WARN_RANGE_LOOP_ANALYSIS = YES;
				CLANG_WARN_STRICT_PROTOTYPES = YES;
				CLANG_WARN_SUSPICIOUS_MOVE = YES;
				CLANG_WARN_UNGUARDED_AVAILABILITY = YES_AGGRESSIVE;
				CLANG_WARN_UNREACHABLE_CODE = YES;
				CLANG_WARN__DUPLICATE_METHOD_MATCH = YES;
				COPY_PHASE_STRIP = NO;
				DEBUG_INFORMATION_FORMAT = dwarf;
				ENABLE_STRICT_OBJC_MSGSEND = YES;
				ENABLE_TESTABILITY = YES;
				GCC_C_LANGUAGE_STANDARD = gnu11;
				GCC_DYNAMIC_NO_PIC = NO;
				GCC_NO_COMMON_BLOCKS = YES;
				GCC_OPTIMIZATION_LEVEL = 0;
				GCC_PREPROCESSOR_DEFINITIONS = (
					"DEBUG=1",
					"$(inherited)",
				);
				GCC_WARN_64_TO_32_BIT_CONVERSION = YES;
				GCC_WARN_ABOUT_RETURN_TYPE = YES_ERROR;
				GCC_WARN_UNDECLARED_SELECTOR = YES;
				GCC_WARN_UNINITIALIZED_AUTOS = YES_AGGRESSIVE;
				GCC_WARN_UNUSED_FUNCTION = YES;
				GCC_WARN_UNUSED_VARIABLE = YES;
				IPHONEOS_DEPLOYMENT_TARGET = 16.2;
				MTL_ENABLE_DEBUG_INFO = INCLUDE_SOURCE;
				MTL_FAST_MATH = YES;
				ONLY_ACTIVE_ARCH = YES;
				SDKROOT = iphoneos;
				SWIFT_ACTIVE_COMPILATION_CONDITIONS = DEBUG;
				SWIFT_OPTIMIZATION_LEVEL = "-Onone";
			};
			name = Debug;
		};
		A097BB6629CD5F0400C1A0FA /* Release */ = {
			isa = XCBuildConfiguration;
			buildSettings = {
				ALWAYS_SEARCH_USER_PATHS = NO;
				CLANG_ANALYZER_NONNULL = YES;
				CLANG_ANALYZER_NUMBER_OBJECT_CONVERSION = YES_AGGRESSIVE;
				CLANG_CXX_LANGUAGE_STANDARD = "gnu++20";
				CLANG_ENABLE_MODULES = YES;
				CLANG_ENABLE_OBJC_ARC = YES;
				CLANG_ENABLE_OBJC_WEAK = YES;
				CLANG_WARN_BLOCK_CAPTURE_AUTORELEASING = YES;
				CLANG_WARN_BOOL_CONVERSION = YES;
				CLANG_WARN_COMMA = YES;
				CLANG_WARN_CONSTANT_CONVERSION = YES;
				CLANG_WARN_DEPRECATED_OBJC_IMPLEMENTATIONS = YES;
				CLANG_WARN_DIRECT_OBJC_ISA_USAGE = YES_ERROR;
				CLANG_WARN_DOCUMENTATION_COMMENTS = YES;
				CLANG_WARN_EMPTY_BODY = YES;
				CLANG_WARN_ENUM_CONVERSION = YES;
				CLANG_WARN_INFINITE_RECURSION = YES;
				CLANG_WARN_INT_CONVERSION = YES;
				CLANG_WARN_NON_LITERAL_NULL_CONVERSION = YES;
				CLANG_WARN_OBJC_IMPLICIT_RETAIN_SELF = YES;
				CLANG_WARN_OBJC_LITERAL_CONVERSION = YES;
				CLANG_WARN_OBJC_ROOT_CLASS = YES_ERROR;
				CLANG_WARN_QUOTED_INCLUDE_IN_FRAMEWORK_HEADER = YES;
				CLANG_WARN_RANGE_LOOP_ANALYSIS = YES;
				CLANG_WARN_STRICT_PROTOTYPES = YES;
				CLANG_WARN_SUSPICIOUS_MOVE = YES;
				CLANG_WARN_UNGUARDED_AVAILABILITY = YES_AGGRESSIVE;
				CLANG_WARN_UNREACHABLE_CODE = YES;
				CLANG_WARN__DUPLICATE_METHOD_MATCH = YES;
				COPY_PHASE_STRIP = NO;
				DEBUG_INFORMATION_FORMAT = "dwarf-with-dsym";
				ENABLE_NS_ASSERTIONS = NO;
				ENABLE_STRICT_OBJC_MSGSEND = YES;
				GCC_C_LANGUAGE_STANDARD = gnu11;
				GCC_NO_COMMON_BLOCKS = YES;
				GCC_WARN_64_TO_32_BIT_CONVERSION = YES;
				GCC_WARN_ABOUT_RETURN_TYPE = YES_ERROR;
				GCC_WARN_UNDECLARED_SELECTOR = YES;
				GCC_WARN_UNINITIALIZED_AUTOS = YES_AGGRESSIVE;
				GCC_WARN_UNUSED_FUNCTION = YES;
				GCC_WARN_UNUSED_VARIABLE = YES;
				IPHONEOS_DEPLOYMENT_TARGET = 16.2;
				MTL_ENABLE_DEBUG_INFO = NO;
				MTL_FAST_MATH = YES;
				SDKROOT = iphoneos;
				SWIFT_COMPILATION_MODE = wholemodule;
				SWIFT_OPTIMIZATION_LEVEL = "-O";
				VALIDATE_PRODUCT = YES;
			};
			name = Release;
		};
		A097BB6829CD5F0400C1A0FA /* Debug */ = {
			isa = XCBuildConfiguration;
			buildSettings = {
				ASSETCATALOG_COMPILER_APPICON_NAME = AppIcon;
				ASSETCATALOG_COMPILER_GLOBAL_ACCENT_COLOR_NAME = AccentColor;
				CODE_SIGN_STYLE = Automatic;
				CURRENT_PROJECT_VERSION = 1;
				DEVELOPMENT_TEAM = 6RRUPQTV3Q;
				GENERATE_INFOPLIST_FILE = YES;
				INFOPLIST_FILE = MetalFilters/Info.plist;
				INFOPLIST_KEY_UIApplicationSupportsIndirectInputEvents = YES;
				INFOPLIST_KEY_UILaunchStoryboardName = LaunchScreen;
				INFOPLIST_KEY_UIMainStoryboardFile = Main;
				INFOPLIST_KEY_UISupportedInterfaceOrientations_iPad = "UIInterfaceOrientationPortrait UIInterfaceOrientationPortraitUpsideDown UIInterfaceOrientationLandscapeLeft UIInterfaceOrientationLandscapeRight";
				INFOPLIST_KEY_UISupportedInterfaceOrientations_iPhone = "UIInterfaceOrientationPortrait UIInterfaceOrientationLandscapeLeft UIInterfaceOrientationLandscapeRight";
				LD_RUNPATH_SEARCH_PATHS = (
					"$(inherited)",
					"@executable_path/Frameworks",
				);
				MARKETING_VERSION = 1.0;
				PRODUCT_BUNDLE_IDENTIFIER = metalDemo.MetalFilters;
				PRODUCT_NAME = "$(TARGET_NAME)";
				SWIFT_EMIT_LOC_STRINGS = YES;
				SWIFT_VERSION = 5.0;
				TARGETED_DEVICE_FAMILY = "1,2";
			};
			name = Debug;
		};
		A097BB6929CD5F0400C1A0FA /* Release */ = {
			isa = XCBuildConfiguration;
			buildSettings = {
				ASSETCATALOG_COMPILER_APPICON_NAME = AppIcon;
				ASSETCATALOG_COMPILER_GLOBAL_ACCENT_COLOR_NAME = AccentColor;
				CODE_SIGN_STYLE = Automatic;
				CURRENT_PROJECT_VERSION = 1;
				DEVELOPMENT_TEAM = 6RRUPQTV3Q;
				GENERATE_INFOPLIST_FILE = YES;
				INFOPLIST_FILE = MetalFilters/Info.plist;
				INFOPLIST_KEY_UIApplicationSupportsIndirectInputEvents = YES;
				INFOPLIST_KEY_UILaunchStoryboardName = LaunchScreen;
				INFOPLIST_KEY_UIMainStoryboardFile = Main;
				INFOPLIST_KEY_UISupportedInterfaceOrientations_iPad = "UIInterfaceOrientationPortrait UIInterfaceOrientationPortraitUpsideDown UIInterfaceOrientationLandscapeLeft UIInterfaceOrientationLandscapeRight";
				INFOPLIST_KEY_UISupportedInterfaceOrientations_iPhone = "UIInterfaceOrientationPortrait UIInterfaceOrientationLandscapeLeft UIInterfaceOrientationLandscapeRight";
				LD_RUNPATH_SEARCH_PATHS = (
					"$(inherited)",
					"@executable_path/Frameworks",
				);
				MARKETING_VERSION = 1.0;
				PRODUCT_BUNDLE_IDENTIFIER = metalDemo.MetalFilters;
				PRODUCT_NAME = "$(TARGET_NAME)";
				SWIFT_EMIT_LOC_STRINGS = YES;
				SWIFT_VERSION = 5.0;
				TARGETED_DEVICE_FAMILY = "1,2";
			};
			name = Release;
		};
		A097BB6B29CD5F0400C1A0FA /* Debug */ = {
			isa = XCBuildConfiguration;
			buildSettings = {
				ALWAYS_EMBED_SWIFT_STANDARD_LIBRARIES = YES;
				BUNDLE_LOADER = "$(TEST_HOST)";
				CODE_SIGN_STYLE = Automatic;
				CURRENT_PROJECT_VERSION = 1;
				DEVELOPMENT_TEAM = 6RRUPQTV3Q;
				GENERATE_INFOPLIST_FILE = YES;
				IPHONEOS_DEPLOYMENT_TARGET = 16.2;
				MARKETING_VERSION = 1.0;
				PRODUCT_BUNDLE_IDENTIFIER = metalDemo.MetalFiltersTests;
				PRODUCT_NAME = "$(TARGET_NAME)";
				SWIFT_EMIT_LOC_STRINGS = NO;
				SWIFT_VERSION = 5.0;
				TARGETED_DEVICE_FAMILY = "1,2";
				TEST_HOST = "$(BUILT_PRODUCTS_DIR)/MetalFilters.app/$(BUNDLE_EXECUTABLE_FOLDER_PATH)/MetalFilters";
			};
			name = Debug;
		};
		A097BB6C29CD5F0400C1A0FA /* Release */ = {
			isa = XCBuildConfiguration;
			buildSettings = {
				ALWAYS_EMBED_SWIFT_STANDARD_LIBRARIES = YES;
				BUNDLE_LOADER = "$(TEST_HOST)";
				CODE_SIGN_STYLE = Automatic;
				CURRENT_PROJECT_VERSION = 1;
				DEVELOPMENT_TEAM = 6RRUPQTV3Q;
				GENERATE_INFOPLIST_FILE = YES;
				IPHONEOS_DEPLOYMENT_TARGET = 16.2;
				MARKETING_VERSION = 1.0;
				PRODUCT_BUNDLE_IDENTIFIER = metalDemo.MetalFiltersTests;
				PRODUCT_NAME = "$(TARGET_NAME)";
				SWIFT_EMIT_LOC_STRINGS = NO;
				SWIFT_VERSION = 5.0;
				TARGETED_DEVICE_FAMILY = "1,2";
				TEST_HOST = "$(BUILT_PRODUCTS_DIR)/MetalFilters.app/$(BUNDLE_EXECUTABLE_FOLDER_PATH)/MetalFilters";
			};
			name = Release;
		};
		A097BB6E29CD5F0400C1A0FA /* Debug */ = {
			isa = XCBuildConfiguration;
			buildSettings = {
				ALWAYS_EMBED_SWIFT_STANDARD_LIBRARIES = YES;
				CODE_SIGN_STYLE = Automatic;
				CURRENT_PROJECT_VERSION = 1;
				DEVELOPMENT_TEAM = 6RRUPQTV3Q;
				GENERATE_INFOPLIST_FILE = YES;
				MARKETING_VERSION = 1.0;
				PRODUCT_BUNDLE_IDENTIFIER = metalDemo.MetalFiltersUITests;
				PRODUCT_NAME = "$(TARGET_NAME)";
				SWIFT_EMIT_LOC_STRINGS = NO;
				SWIFT_VERSION = 5.0;
				TARGETED_DEVICE_FAMILY = "1,2";
				TEST_TARGET_NAME = MetalFilters;
			};
			name = Debug;
		};
		A097BB6F29CD5F0400C1A0FA /* Release */ = {
			isa = XCBuildConfiguration;
			buildSettings = {
				ALWAYS_EMBED_SWIFT_STANDARD_LIBRARIES = YES;
				CODE_SIGN_STYLE = Automatic;
				CURRENT_PROJECT_VERSION = 1;
				DEVELOPMENT_TEAM = 6RRUPQTV3Q;
				GENERATE_INFOPLIST_FILE = YES;
				MARKETING_VERSION = 1.0;
				PRODUCT_BUNDLE_IDENTIFIER = metalDemo.MetalFiltersUITests;
				PRODUCT_NAME = "$(TARGET_NAME)";
				SWIFT_EMIT_LOC_STRINGS = NO;
				SWIFT_VERSION = 5.0;
				TARGETED_DEVICE_FAMILY = "1,2";
				TEST_TARGET_NAME = MetalFilters;
			};
			name = Release;
		};
/* End XCBuildConfiguration section */

/* Begin XCConfigurationList section */
		A097BB3829CD5F0300C1A0FA /* Build configuration list for PBXProject "MetalFilters" */ = {
			isa = XCConfigurationList;
			buildConfigurations = (
				A097BB6529CD5F0400C1A0FA /* Debug */,
				A097BB6629CD5F0400C1A0FA /* Release */,
			);
			defaultConfigurationIsVisible = 0;
			defaultConfigurationName = Release;
		};
		A097BB6729CD5F0400C1A0FA /* Build configuration list for PBXNativeTarget "MetalFilters" */ = {
			isa = XCConfigurationList;
			buildConfigurations = (
				A097BB6829CD5F0400C1A0FA /* Debug */,
				A097BB6929CD5F0400C1A0FA /* Release */,
			);
			defaultConfigurationIsVisible = 0;
			defaultConfigurationName = Release;
		};
		A097BB6A29CD5F0400C1A0FA /* Build configuration list for PBXNativeTarget "MetalFiltersTests" */ = {
			isa = XCConfigurationList;
			buildConfigurations = (
				A097BB6B29CD5F0400C1A0FA /* Debug */,
				A097BB6C29CD5F0400C1A0FA /* Release */,
			);
			defaultConfigurationIsVisible = 0;
			defaultConfigurationName = Release;
		};
		A097BB6D29CD5F0400C1A0FA /* Build configuration list for PBXNativeTarget "MetalFiltersUITests" */ = {
			isa = XCConfigurationList;
			buildConfigurations = (
				A097BB6E29CD5F0400C1A0FA /* Debug */,
				A097BB6F29CD5F0400C1A0FA /* Release */,
			);
			defaultConfigurationIsVisible = 0;
			defaultConfigurationName = Release;
		};
/* End XCConfigurationList section */
	};
	rootObject = A097BB3529CD5F0300C1A0FA /* Project object */;
}
